yt-blackhat:
  site: youtube.com
  url: https://www.youtube.com/feeds/videos.xml?channel_id=UCJ6q9Ie29ajGqKApbLqfBOg
yt-johnhammond:
  site: youtube.com
  url: https://www.youtube.com/feeds/videos.xml?channel_id=UCVeW9qkBjo3zosnqUbG7CFw
yt-liveoverflow:
  site: youtube.com
  url: https://www.youtube.com/feeds/videos.xml?channel_id=UCNNfzr9A5dEOscVEDyyzo-A
yt-lowlevel:
  site: youtube.com
  url: https://www.youtube.com/feeds/videos.xml?channel_id=UCzEaIT_yUdxixGEc8mINGmg
